<?xml version="1.0" encoding="utf-8"?>
<Project ToolsVersion="4.0" xmlns="http://schemas.microsoft.com/developer/msbuild/2003">
  <ItemGroup>
    <ClCompile Include="agentf.c" />
    <ClCompile Include="aqsync.c" />
    <ClCompile Include="be_misc.c" />
    <ClCompile Include="be_ssh.c" />
    <ClCompile Include="callback.c" />
    <ClCompile Include="cmdline.c" />
    <ClCompile Include="conf.c" />
    <ClCompile Include="cproxy.c" />
    <ClCompile Include="ecc.c" />
    <ClCompile Include="errsock.c" />
    <ClCompile Include="logging.c" />
    <ClCompile Include="mainchan.c" />
    <ClCompile Include="marshal.c" />
    <ClCompile Include="memory.c" />
    <ClCompile Include="misc.c" />
    <ClCompile Include="mpint.c" />
    <ClCompile Include="nullplug.c" />
    <ClCompile Include="pgssapi.c" />
    <ClCompile Include="pinger.c" />
    <ClCompile Include="portfwd.c" />
    <ClCompile Include="proxy.c" />
    <ClCompile Include="pscp.c" />
    <ClCompile Include="psftpcommon.c" />
    <ClCompile Include="settings.c" />
    <ClCompile Include="sftp.c" />
    <ClCompile Include="sftpcommon.c" />
    <ClCompile Include="ssh.c" />
    <ClCompile Include="ssh1bpp.c" />
    <ClCompile Include="ssh1censor.c" />
    <ClCompile Include="ssh1connection.c" />
    <ClCompile Include="ssh1connection-client.c" />
    <ClCompile Include="ssh1login.c" />
    <ClCompile Include="ssh2bpp.c" />
    <ClCompile Include="ssh2bpp-bare.c" />
    <ClCompile Include="ssh2censor.c" />
    <ClCompile Include="ssh2connection.c" />
    <ClCompile Include="ssh2connection-client.c" />
    <ClCompile Include="ssh2kex-client.c" />
    <ClCompile Include="ssh2transhk.c" />
    <ClCompile Include="ssh2transport.c" />
    <ClCompile Include="ssh2userauth.c" />
    <ClCompile Include="sshaes.c" />
    <ClCompile Include="ssharcf.c" />
    <ClCompile Include="sshauxcrypt.c" />
    <ClCompile Include="sshbcrypt.c" />
    <ClCompile Include="sshblowf.c" />
    <ClCompile Include="sshccp.c" />
    <ClCompile Include="sshcommon.c" />
    <ClCompile Include="sshcrc.c" />
    <ClCompile Include="sshcrcda.c" />
    <ClCompile Include="sshdes.c" />
    <ClCompile Include="sshdh.c" />
    <ClCompile Include="sshdss.c" />
    <ClCompile Include="sshecc.c" />
    <ClCompile Include="sshgssc.c" />
    <ClCompile Include="sshhmac.c" />
    <ClCompile Include="sshmac.c" />
    <ClCompile Include="sshmd5.c" />
    <ClCompile Include="sshprng.c" />
    <ClCompile Include="sshpubk.c" />
    <ClCompile Include="sshrand.c" />
    <ClCompile Include="sshrsa.c" />
    <ClCompile Include="sshsh256.c" />
    <ClCompile Include="sshsh512.c" />
    <ClCompile Include="sshsha.c" />
    <ClCompile Include="sshshare.c" />
    <ClCompile Include="sshverstring.c" />
    <ClCompile Include="sshzlib.c" />
    <ClCompile Include="stripctrl.c" />
    <ClCompile Include="time.c" />
    <ClCompile Include="timing.c" />
    <ClCompile Include="tree234.c" />
    <ClCompile Include="unix\uxagentc.c">
      <Filter>unix</Filter>
    </ClCompile>
    <ClCompile Include="unix\uxcons.c">
      <Filter>unix</Filter>
    </ClCompile>
    <ClCompile Include="unix\uxfdsock.c">
      <Filter>unix</Filter>
    </ClCompile>
    <ClCompile Include="unix\uxgss.c">
      <Filter>unix</Filter>
    </ClCompile>
    <ClCompile Include="unix\uxmisc.c">
      <Filter>unix</Filter>
    </ClCompile>
    <ClCompile Include="unix\uxnet.c">
      <Filter>unix</Filter>
    </ClCompile>
    <ClCompile Include="unix\uxnogtk.c">
      <Filter>unix</Filter>
    </ClCompile>
    <ClCompile Include="unix\uxnoise.c">
      <Filter>unix</Filter>
    </ClCompile>
    <ClCompile Include="unix\uxpeer.c">
      <Filter>unix</Filter>
    </ClCompile>
    <ClCompile Include="unix\uxpoll.c">
      <Filter>unix</Filter>
    </ClCompile>
    <ClCompile Include="unix\uxproxy.c">
      <Filter>unix</Filter>
    </ClCompile>
    <ClCompile Include="unix\uxsel.c">
      <Filter>unix</Filter>
    </ClCompile>
    <ClCompile Include="unix\uxsftp.c">
      <Filter>unix</Filter>
    </ClCompile>
    <ClCompile Include="unix\uxshare.c">
      <Filter>unix</Filter>
    </ClCompile>
    <ClCompile Include="unix\uxstore.c">
      <Filter>unix</Filter>
    </ClCompile>
    <ClCompile Include="unix\uxutils.c">
      <Filter>unix</Filter>
    </ClCompile>
    <ClCompile Include="utils.c" />
    <ClCompile Include="wcwidth.c" />
    <ClCompile Include="wildcard.c" />
    <ClCompile Include="x11fwd.c" />
    <ClCompile Include="psftp.c" />
  </ItemGroup>
  <ItemGroup>
    <ClInclude Include="ecc.h" />
    <ClInclude Include="empty.h" />
    <ClInclude Include="licence.h" />
    <ClInclude Include="marshal.h" />
    <ClInclude Include="misc.h" />
    <ClInclude Include="mpint.h" />
    <ClInclude Include="pgssapi.h" />
    <ClInclude Include="proxy.h" />
    <ClInclude Include="sftp.h" />
    <ClInclude Include="ssh.h" />
    <ClInclude Include="ssh1connection.h" />
    <ClInclude Include="ssh2connection.h" />
    <ClInclude Include="ssh2transport.h" />
    <ClInclude Include="sshblowf.h" />
    <ClInclude Include="sshgssc.h" />
    <ClInclude Include="tree234.h" />
    <ClInclude Include="putty.h" />
    <ClInclude Include="sshppl.h" />
    <ClInclude Include="sshchan.h" />
    <ClInclude Include="sshbpp.h" />
    <ClInclude Include="psftp.h" />
  </ItemGroup>
  <ItemGroup>
    <Filter Include="unix">
      <UniqueIdentifier>{f28e3318-ed9f-4f0a-8945-2acbb31db616}</UniqueIdentifier>
    </Filter>
  </ItemGroup>
</Project>